// !$*UTF8*$!
{
	archiveVersion = 1;
	classes = {
	};
	objectVersion = 56;
	objects = {

/* Begin PBXBuildFile section */
		96FCC7D3E8C3E3920462A881 /* Pods_Task_7.framework in Frameworks */ = {isa = PBXBuildFile; fileRef = 3889A87FDC77BDE55213DADD /* Pods_Task_7.framework */; };
		BE01B5B7290ADBAA00B47FDC /* TestDataModel.swift in Sources */ = {isa = PBXBuildFile; fileRef = BE01B5B6290ADBAA00B47FDC /* TestDataModel.swift */; };
		BE01B5B9290ADD3A00B47FDC /* TestData.swift in Sources */ = {isa = PBXBuildFile; fileRef = BE01B5B8290ADD3A00B47FDC /* TestData.swift */; };
		BE28503D290EDC1B0090F476 /* testDataJson.json in Resources */ = {isa = PBXBuildFile; fileRef = BE28503C290EDC1B0090F476 /* testDataJson.json */; };
		BE285041290EEC580090F476 /* TestDataTVCell.swift in Sources */ = {isa = PBXBuildFile; fileRef = BE28503F290EEC580090F476 /* TestDataTVCell.swift */; };
		BE285042290EEC580090F476 /* TestDataTVCell.xib in Resources */ = {isa = PBXBuildFile; fileRef = BE285040290EEC580090F476 /* TestDataTVCell.xib */; };
		BED2DB7A290AD70A00CB16B9 /* AppDelegate.swift in Sources */ = {isa = PBXBuildFile; fileRef = BED2DB79290AD70A00CB16B9 /* AppDelegate.swift */; };
		BED2DB7C290AD70A00CB16B9 /* SceneDelegate.swift in Sources */ = {isa = PBXBuildFile; fileRef = BED2DB7B290AD70A00CB16B9 /* SceneDelegate.swift */; };
		BED2DB7E290AD70A00CB16B9 /* ViewController.swift in Sources */ = {isa = PBXBuildFile; fileRef = BED2DB7D290AD70A00CB16B9 /* ViewController.swift */; };
		BED2DB81290AD70A00CB16B9 /* Main.storyboard in Resources */ = {isa = PBXBuildFile; fileRef = BED2DB7F290AD70A00CB16B9 /* Main.storyboard */; };
		BED2DB83290AD70B00CB16B9 /* Assets.xcassets in Resources */ = {isa = PBXBuildFile; fileRef = BED2DB82290AD70B00CB16B9 /* Assets.xcassets */; };
		BED2DB86290AD70B00CB16B9 /* LaunchScreen.storyboard in Resources */ = {isa = PBXBuildFile; fileRef = BED2DB84290AD70B00CB16B9 /* LaunchScreen.storyboard */; };
/* End PBXBuildFile section */

/* Begin PBXFileReference section */
		0820F191AFB481E12C218F2C /* Pods-Task_7.debug.xcconfig */ = {isa = PBXFileReference; includeInIndex = 1; lastKnownFileType = text.xcconfig; name = "Pods-Task_7.debug.xcconfig"; path = "Target Support Files/Pods-Task_7/Pods-Task_7.debug.xcconfig"; sourceTree = "<group>"; };
		3889A87FDC77BDE55213DADD /* Pods_Task_7.framework */ = {isa = PBXFileReference; explicitFileType = wrapper.framework; includeInIndex = 0; path = Pods_Task_7.framework; sourceTree = BUILT_PRODUCTS_DIR; };
		5C2CE37E1BED4E8D17C874BD /* Pods-Task_7.release.xcconfig */ = {isa = PBXFileReference; includeInIndex = 1; lastKnownFileType = text.xcconfig; name = "Pods-Task_7.release.xcconfig"; path = "Target Support Files/Pods-Task_7/Pods-Task_7.release.xcconfig"; sourceTree = "<group>"; };
		BE01B5B6290ADBAA00B47FDC /* TestDataModel.swift */ = {isa = PBXFileReference; lastKnownFileType = sourcecode.swift; path = TestDataModel.swift; sourceTree = "<group>"; };
		BE01B5B8290ADD3A00B47FDC /* TestData.swift */ = {isa = PBXFileReference; lastKnownFileType = sourcecode.swift; path = TestData.swift; sourceTree = "<group>"; };
		BE28503C290EDC1B0090F476 /* testDataJson.json */ = {isa = PBXFileReference; lastKnownFileType = text.json; path = testDataJson.json; sourceTree = "<group>"; };
		BE28503F290EEC580090F476 /* TestDataTVCell.swift */ = {isa = PBXFileReference; lastKnownFileType = sourcecode.swift; path = TestDataTVCell.swift; sourceTree = "<group>"; };
		BE285040290EEC580090F476 /* TestDataTVCell.xib */ = {isa = PBXFileReference; lastKnownFileType = file.xib; path = TestDataTVCell.xib; sourceTree = "<group>"; };
		BED2DB76290AD70A00CB16B9 /* Task_7.app */ = {isa = PBXFileReference; explicitFileType = wrapper.application; includeInIndex = 0; path = Task_7.app; sourceTree = BUILT_PRODUCTS_DIR; };
		BED2DB79290AD70A00CB16B9 /* AppDelegate.swift */ = {isa = PBXFileReference; lastKnownFileType = sourcecode.swift; path = AppDelegate.swift; sourceTree = "<group>"; };
		BED2DB7B290AD70A00CB16B9 /* SceneDelegate.swift */ = {isa = PBXFileReference; lastKnownFileType = sourcecode.swift; path = SceneDelegate.swift; sourceTree = "<group>"; };
		BED2DB7D290AD70A00CB16B9 /* ViewController.swift */ = {isa = PBXFileReference; lastKnownFileType = sourcecode.swift; path = ViewController.swift; sourceTree = "<group>"; };
		BED2DB80290AD70A00CB16B9 /* Base */ = {isa = PBXFileReference; lastKnownFileType = file.storyboard; name = Base; path = Base.lproj/Main.storyboard; sourceTree = "<group>"; };
		BED2DB82290AD70B00CB16B9 /* Assets.xcassets */ = {isa = PBXFileReference; lastKnownFileType = folder.assetcatalog; path = Assets.xcassets; sourceTree = "<group>"; };
		BED2DB85290AD70B00CB16B9 /* Base */ = {isa = PBXFileReference; lastKnownFileType = file.storyboard; name = Base; path = Base.lproj/LaunchScreen.storyboard; sourceTree = "<group>"; };
		BED2DB87290AD70B00CB16B9 /* Info.plist */ = {isa = PBXFileReference; lastKnownFileType = text.plist.xml; path = Info.plist; sourceTree = "<group>"; };
/* End PBXFileReference section */

/* Begin PBXFrameworksBuildPhase section */
		BED2DB73290AD70A00CB16B9 /* Frameworks */ = {
			isa = PBXFrameworksBuildPhase;
			buildActionMask = 2147483647;
			files = (
				96FCC7D3E8C3E3920462A881 /* Pods_Task_7.framework in Frameworks */,
			);
			runOnlyForDeploymentPostprocessing = 0;
		};
/* End PBXFrameworksBuildPhase section */

/* Begin PBXGroup section */
		6C5A86AEBF3D844C3516E121 /* Pods */ = {
			isa = PBXGroup;
			children = (
				0820F191AFB481E12C218F2C /* Pods-Task_7.debug.xcconfig */,
				5C2CE37E1BED4E8D17C874BD /* Pods-Task_7.release.xcconfig */,
			);
			path = Pods;
			sourceTree = "<group>";
		};
		BE01B5B2290ADAF900B47FDC /* Data */ = {
			isa = PBXGroup;
			children = (
				BE01B5B8290ADD3A00B47FDC /* TestData.swift */,
				BE28503C290EDC1B0090F476 /* testDataJson.json */,
			);
			path = Data;
			sourceTree = "<group>";
		};
		BE01B5B5290ADB9500B47FDC /* Models */ = {
			isa = PBXGroup;
			children = (
				BE01B5B6290ADBAA00B47FDC /* TestDataModel.swift */,
			);
			path = Models;
			sourceTree = "<group>";
		};
		BE28503E290EEC300090F476 /* Cells */ = {
			isa = PBXGroup;
			children = (
				BE28503F290EEC580090F476 /* TestDataTVCell.swift */,
				BE285040290EEC580090F476 /* TestDataTVCell.xib */,
			);
			path = Cells;
			sourceTree = "<group>";
		};
		BED2DB6D290AD70A00CB16B9 = {
			isa = PBXGroup;
			children = (
				BED2DB78290AD70A00CB16B9 /* Task_7 */,
				BED2DB77290AD70A00CB16B9 /* Products */,
				6C5A86AEBF3D844C3516E121 /* Pods */,
				DF931D053FC7685D362935FC /* Frameworks */,
			);
			sourceTree = "<group>";
		};
		BED2DB77290AD70A00CB16B9 /* Products */ = {
			isa = PBXGroup;
			children = (
				BED2DB76290AD70A00CB16B9 /* Task_7.app */,
			);
			name = Products;
			sourceTree = "<group>";
		};
		BED2DB78290AD70A00CB16B9 /* Task_7 */ = {
			isa = PBXGroup;
			children = (
				BE28503E290EEC300090F476 /* Cells */,
				BE01B5B5290ADB9500B47FDC /* Models */,
				BE01B5B2290ADAF900B47FDC /* Data */,
				BED2DB79290AD70A00CB16B9 /* AppDelegate.swift */,
				BED2DB7B290AD70A00CB16B9 /* SceneDelegate.swift */,
				BED2DB7D290AD70A00CB16B9 /* ViewController.swift */,
				BED2DB7F290AD70A00CB16B9 /* Main.storyboard */,
				BED2DB82290AD70B00CB16B9 /* Assets.xcassets */,
				BED2DB84290AD70B00CB16B9 /* LaunchScreen.storyboard */,
				BED2DB87290AD70B00CB16B9 /* Info.plist */,
			);
			path = Task_7;
			sourceTree = "<group>";
		};
		DF931D053FC7685D362935FC /* Frameworks */ = {
			isa = PBXGroup;
			children = (
				3889A87FDC77BDE55213DADD /* Pods_Task_7.framework */,
			);
			name = Frameworks;
			sourceTree = "<group>";
		};
/* End PBXGroup section */

/* Begin PBXNativeTarget section */
		BED2DB75290AD70A00CB16B9 /* Task_7 */ = {
			isa = PBXNativeTarget;
			buildConfigurationList = BED2DB8A290AD70B00CB16B9 /* Build configuration list for PBXNativeTarget "Task_7" */;
			buildPhases = (
				C03817DC900F43972972862B /* [CP] Check Pods Manifest.lock */,
				BED2DB72290AD70A00CB16B9 /* Sources */,
				BED2DB73290AD70A00CB16B9 /* Frameworks */,
				BED2DB74290AD70A00CB16B9 /* Resources */,
				77E5FC1F6D5237C77636FC06 /* [CP] Embed Pods Frameworks */,
			);
			buildRules = (
			);
			dependencies = (
			);
			name = Task_7;
			productName = Task_7;
			productReference = BED2DB76290AD70A00CB16B9 /* Task_7.app */;
			productType = "com.apple.product-type.application";
		};
/* End PBXNativeTarget section */

/* Begin PBXProject section */
		BED2DB6E290AD70A00CB16B9 /* Project object */ = {
			isa = PBXProject;
			attributes = {
				BuildIndependentTargetsInParallel = 1;
				LastSwiftUpdateCheck = 1400;
				LastUpgradeCheck = 1400;
				TargetAttributes = {
					BED2DB75290AD70A00CB16B9 = {
						CreatedOnToolsVersion = 14.0.1;
					};
				};
			};
			buildConfigurationList = BED2DB71290AD70A00CB16B9 /* Build configuration list for PBXProject "Task_7" */;
			compatibilityVersion = "Xcode 14.0";
			developmentRegion = en;
			hasScannedForEncodings = 0;
			knownRegions = (
				en,
				Base,
			);
			mainGroup = BED2DB6D290AD70A00CB16B9;
			productRefGroup = BED2DB77290AD70A00CB16B9 /* Products */;
			projectDirPath = "";
			projectRoot = "";
			targets = (
				BED2DB75290AD70A00CB16B9 /* Task_7 */,
			);
		};
/* End PBXProject section */

/* Begin PBXResourcesBuildPhase section */
		BED2DB74290AD70A00CB16B9 /* Resources */ = {
			isa = PBXResourcesBuildPhase;
			buildActionMask = 2147483647;
			files = (
				BED2DB86290AD70B00CB16B9 /* LaunchScreen.storyboard in Resources */,
				BE285042290EEC580090F476 /* TestDataTVCell.xib in Resources */,
				BE28503D290EDC1B0090F476 /* testDataJson.json in Resources */,
				BED2DB83290AD70B00CB16B9 /* Assets.xcassets in Resources */,
				BED2DB81290AD70A00CB16B9 /* Main.storyboard in Resources */,
			);
			runOnlyForDeploymentPostprocessing = 0;
		};
/* End PBXResourcesBuildPhase section */

/* Begin PBXShellScriptBuildPhase section */
		77E5FC1F6D5237C77636FC06 /* [CP] Embed Pods Frameworks */ = {
			isa = PBXShellScriptBuildPhase;
			buildActionMask = 2147483647;
			files = (
			);
			inputFileListPaths = (
				"${PODS_ROOT}/Target Support Files/Pods-Task_7/Pods-Task_7-frameworks-${CONFIGURATION}-input-files.xcfilelist",
			);
			name = "[CP] Embed Pods Frameworks";
			outputFileListPaths = (
				"${PODS_ROOT}/Target Support Files/Pods-Task_7/Pods-Task_7-frameworks-${CONFIGURATION}-output-files.xcfilelist",
			);
			runOnlyForDeploymentPostprocessing = 0;
			shellPath = /bin/sh;
			shellScript = "\"${PODS_ROOT}/Target Support Files/Pods-Task_7/Pods-Task_7-frameworks.sh\"\n";
			showEnvVarsInLog = 0;
		};
		C03817DC900F43972972862B /* [CP] Check Pods Manifest.lock */ = {
			isa = PBXShellScriptBuildPhase;
			buildActionMask = 2147483647;
			files = (
			);
			inputFileListPaths = (
			);
			inputPaths = (
				"${PODS_PODFILE_DIR_PATH}/Podfile.lock",
				"${PODS_ROOT}/Manifest.lock",
			);
			name = "[CP] Check Pods Manifest.lock";
			outputFileListPaths = (
			);
			outputPaths = (
				"$(DERIVED_FILE_DIR)/Pods-Task_7-checkManifestLockResult.txt",
			);
			runOnlyForDeploymentPostprocessing = 0;
			shellPath = /bin/sh;
			shellScript = "diff \"${PODS_PODFILE_DIR_PATH}/Podfile.lock\" \"${PODS_ROOT}/Manifest.lock\" > /dev/null\nif [ $? != 0 ] ; then\n    # print error to STDERR\n    echo \"error: The sandbox is not in sync with the Podfile.lock. Run 'pod install' or update your CocoaPods installation.\" >&2\n    exit 1\nfi\n# This output is used by Xcode 'outputs' to avoid re-running this script phase.\necho \"SUCCESS\" > \"${SCRIPT_OUTPUT_FILE_0}\"\n";
			showEnvVarsInLog = 0;
		};
/* End PBXShellScriptBuildPhase section */

/* Begin PBXSourcesBuildPhase section */
		BED2DB72290AD70A00CB16B9 /* Sources */ = {
			isa = PBXSourcesBuildPhase;
			buildActionMask = 2147483647;
			files = (
				BED2DB7E290AD70A00CB16B9 /* ViewController.swift in Sources */,
				BE01B5B7290ADBAA00B47FDC /* TestDataModel.swift in Sources */,
				BED2DB7A290AD70A00CB16B9 /* AppDelegate.swift in Sources */,
				BE285041290EEC580090F476 /* TestDataTVCell.swift in Sources */,
				BE01B5B9290ADD3A00B47FDC /* TestData.swift in Sources */,
				BED2DB7C290AD70A00CB16B9 /* SceneDelegate.swift in Sources */,
			);
			runOnlyForDeploymentPostprocessing = 0;
		};
/* End PBXSourcesBuildPhase section */

/* Begin PBXVariantGroup section */
		BED2DB7F290AD70A00CB16B9 /* Main.storyboard */ = {
			isa = PBXVariantGroup;
			children = (
				BED2DB80290AD70A00CB16B9 /* Base */,
			);
			name = Main.storyboard;
			sourceTree = "<group>";
		};
		BED2DB84290AD70B00CB16B9 /* LaunchScreen.storyboard */ = {
			isa = PBXVariantGroup;
			children = (
				BED2DB85290AD70B00CB16B9 /* Base */,
			);
			name = LaunchScreen.storyboard;
			sourceTree = "<group>";
		};
/* End PBXVariantGroup section */

/* Begin XCBuildConfiguration section */
		BED2DB88290AD70B00CB16B9 /* Debug */ = {
			isa = XCBuildConfiguration;
			buildSettings = {
				ALWAYS_SEARCH_USER_PATHS = NO;
				CLANG_ANALYZER_NONNULL = YES;
				CLANG_ANALYZER_NUMBER_OBJECT_CONVERSION = YES_AGGRESSIVE;
				CLANG_CXX_LANGUAGE_STANDARD = "gnu++20";
				CLANG_ENABLE_MODULES = YES;
				CLANG_ENABLE_OBJC_ARC = YES;
				CLANG_ENABLE_OBJC_WEAK = YES;
				CLANG_WARN_BLOCK_CAPTURE_AUTORELEASING = YES;
				CLANG_WARN_BOOL_CONVERSION = YES;
				CLANG_WARN_COMMA = YES;
				CLANG_WARN_CONSTANT_CONVERSION = YES;
				CLANG_WARN_DEPRECATED_OBJC_IMPLEMENTATIONS = YES;
				CLANG_WARN_DIRECT_OBJC_ISA_USAGE = YES_ERROR;
				CLANG_WARN_DOCUMENTATION_COMMENTS = YES;
				CLANG_WARN_EMPTY_BODY = YES;
				CLANG_WARN_ENUM_CONVERSION = YES;
				CLANG_WARN_INFINITE_RECURSION = YES;
				CLANG_WARN_INT_CONVERSION = YES;
				CLANG_WARN_NON_LITERAL_NULL_CONVERSION = YES;
				CLANG_WARN_OBJC_IMPLICIT_RETAIN_SELF = YES;
				CLANG_WARN_OBJC_LITERAL_CONVERSION = YES;
				CLANG_WARN_OBJC_ROOT_CLASS = YES_ERROR;
				CLANG_WARN_QUOTED_INCLUDE_IN_FRAMEWORK_HEADER = YES;
				CLANG_WARN_RANGE_LOOP_ANALYSIS = YES;
				CLANG_WARN_STRICT_PROTOTYPES = YES;
				CLANG_WARN_SUSPICIOUS_MOVE = YES;
				CLANG_WARN_UNGUARDED_AVAILABILITY = YES_AGGRESSIVE;
				CLANG_WARN_UNREACHABLE_CODE = YES;
				CLANG_WARN__DUPLICATE_METHOD_MATCH = YES;
				COPY_PHASE_STRIP = NO;
				DEBUG_INFORMATION_FORMAT = dwarf;
				ENABLE_STRICT_OBJC_MSGSEND = YES;
				ENABLE_TESTABILITY = YES;
				GCC_C_LANGUAGE_STANDARD = gnu11;
				GCC_DYNAMIC_NO_PIC = NO;
				GCC_NO_COMMON_BLOCKS = YES;
				GCC_OPTIMIZATION_LEVEL = 0;
				GCC_PREPROCESSOR_DEFINITIONS = (
					"DEBUG=1",
					"$(inherited)",
				);
				GCC_WARN_64_TO_32_BIT_CONVERSION = YES;
				GCC_WARN_ABOUT_RETURN_TYPE = YES_ERROR;
				GCC_WARN_UNDECLARED_SELECTOR = YES;
				GCC_WARN_UNINITIALIZED_AUTOS = YES_AGGRESSIVE;
				GCC_WARN_UNUSED_FUNCTION = YES;
				GCC_WARN_UNUSED_VARIABLE = YES;
				IPHONEOS_DEPLOYMENT_TARGET = 16.0;
				MTL_ENABLE_DEBUG_INFO = INCLUDE_SOURCE;
				MTL_FAST_MATH = YES;
				ONLY_ACTIVE_ARCH = YES;
				SDKROOT = iphoneos;
				SWIFT_ACTIVE_COMPILATION_CONDITIONS = DEBUG;
				SWIFT_OPTIMIZATION_LEVEL = "-Onone";
			};
			name = Debug;
		};
		BED2DB89290AD70B00CB16B9 /* Release */ = {
			isa = XCBuildConfiguration;
			buildSettings = {
				ALWAYS_SEARCH_USER_PATHS = NO;
				CLANG_ANALYZER_NONNULL = YES;
				CLANG_ANALYZER_NUMBER_OBJECT_CONVERSION = YES_AGGRESSIVE;
				CLANG_CXX_LANGUAGE_STANDARD = "gnu++20";
				CLANG_ENABLE_MODULES = YES;
				CLANG_ENABLE_OBJC_ARC = YES;
				CLANG_ENABLE_OBJC_WEAK = YES;
				CLANG_WARN_BLOCK_CAPTURE_AUTORELEASING = YES;
				CLANG_WARN_BOOL_CONVERSION = YES;
				CLANG_WARN_COMMA = YES;
				CLANG_WARN_CONSTANT_CONVERSION = YES;
				CLANG_WARN_DEPRECATED_OBJC_IMPLEMENTATIONS = YES;
				CLANG_WARN_DIRECT_OBJC_ISA_USAGE = YES_ERROR;
				CLANG_WARN_DOCUMENTATION_COMMENTS = YES;
				CLANG_WARN_EMPTY_BODY = YES;
				CLANG_WARN_ENUM_CONVERSION = YES;
				CLANG_WARN_INFINITE_RECURSION = YES;
				CLANG_WARN_INT_CONVERSION = YES;
				CLANG_WARN_NON_LITERAL_NULL_CONVERSION = YES;
				CLANG_WARN_OBJC_IMPLICIT_RETAIN_SELF = YES;
				CLANG_WARN_OBJC_LITERAL_CONVERSION = YES;
				CLANG_WARN_OBJC_ROOT_CLASS = YES_ERROR;
				CLANG_WARN_QUOTED_INCLUDE_IN_FRAMEWORK_HEADER = YES;
				CLANG_WARN_RANGE_LOOP_ANALYSIS = YES;
				CLANG_WARN_STRICT_PROTOTYPES = YES;
				CLANG_WARN_SUSPICIOUS_MOVE = YES;
				CLANG_WARN_UNGUARDED_AVAILABILITY = YES_AGGRESSIVE;
				CLANG_WARN_UNREACHABLE_CODE = YES;
				CLANG_WARN__DUPLICATE_METHOD_MATCH = YES;
				COPY_PHASE_STRIP = NO;
				DEBUG_INFORMATION_FORMAT = "dwarf-with-dsym";
				ENABLE_NS_ASSERTIONS = NO;
				ENABLE_STRICT_OBJC_MSGSEND = YES;
				GCC_C_LANGUAGE_STANDARD = gnu11;
				GCC_NO_COMMON_BLOCKS = YES;
				GCC_WARN_64_TO_32_BIT_CONVERSION = YES;
				GCC_WARN_ABOUT_RETURN_TYPE = YES_ERROR;
				GCC_WARN_UNDECLARED_SELECTOR = YES;
				GCC_WARN_UNINITIALIZED_AUTOS = YES_AGGRESSIVE;
				GCC_WARN_UNUSED_FUNCTION = YES;
				GCC_WARN_UNUSED_VARIABLE = YES;
				IPHONEOS_DEPLOYMENT_TARGET = 16.0;
				MTL_ENABLE_DEBUG_INFO = NO;
				MTL_FAST_MATH = YES;
				SDKROOT = iphoneos;
				SWIFT_COMPILATION_MODE = wholemodule;
				SWIFT_OPTIMIZATION_LEVEL = "-O";
				VALIDATE_PRODUCT = YES;
			};
			name = Release;
		};
		BED2DB8B290AD70B00CB16B9 /* Debug */ = {
			isa = XCBuildConfiguration;
			baseConfigurationReference = 0820F191AFB481E12C218F2C /* Pods-Task_7.debug.xcconfig */;
			buildSettings = {
				ASSETCATALOG_COMPILER_APPICON_NAME = AppIcon;
				ASSETCATALOG_COMPILER_GLOBAL_ACCENT_COLOR_NAME = AccentColor;
				CODE_SIGN_STYLE = Automatic;
				CURRENT_PROJECT_VERSION = 1;
				DEVELOPMENT_TEAM = 637V5ANJMR;
				GENERATE_INFOPLIST_FILE = YES;
				INFOPLIST_FILE = Task_7/Info.plist;
				INFOPLIST_KEY_UIApplicationSupportsIndirectInputEvents = YES;
				INFOPLIST_KEY_UILaunchStoryboardName = LaunchScreen;
				INFOPLIST_KEY_UIMainStoryboardFile = Main;
				INFOPLIST_KEY_UISupportedInterfaceOrientations_iPad = "UIInterfaceOrientationPortrait UIInterfaceOrientationPortraitUpsideDown UIInterfaceOrientationLandscapeLeft UIInterfaceOrientationLandscapeRight";
				INFOPLIST_KEY_UISupportedInterfaceOrientations_iPhone = "UIInterfaceOrientationPortrait UIInterfaceOrientationLandscapeLeft UIInterfaceOrientationLandscapeRight";
				LD_RUNPATH_SEARCH_PATHS = (
					"$(inherited)",
					"@executable_path/Frameworks",
				);
				MARKETING_VERSION = 1.0;
				PRODUCT_BUNDLE_IDENTIFIER = "MikhailovskyiYevhenii.Task-7";
				PRODUCT_NAME = "$(TARGET_NAME)";
				SWIFT_EMIT_LOC_STRINGS = YES;
				SWIFT_VERSION = 5.0;
				TARGETED_DEVICE_FAMILY = "1,2";
			};
			name = Debug;
		};
		BED2DB8C290AD70B00CB16B9 /* Release */ = {
			isa = XCBuildConfiguration;
			baseConfigurationReference = 5C2CE37E1BED4E8D17C874BD /* Pods-Task_7.release.xcconfig */;
			buildSettings = {
				ASSETCATALOG_COMPILER_APPICON_NAME = AppIcon;
				ASSETCATALOG_COMPILER_GLOBAL_ACCENT_COLOR_NAME = AccentColor;
				CODE_SIGN_STYLE = Automatic;
				CURRENT_PROJECT_VERSION = 1;
				DEVELOPMENT_TEAM = 637V5ANJMR;
				GENERATE_INFOPLIST_FILE = YES;
				INFOPLIST_FILE = Task_7/Info.plist;
				INFOPLIST_KEY_UIApplicationSupportsIndirectInputEvents = YES;
				INFOPLIST_KEY_UILaunchStoryboardName = LaunchScreen;
				INFOPLIST_KEY_UIMainStoryboardFile = Main;
				INFOPLIST_KEY_UISupportedInterfaceOrientations_iPad = "UIInterfaceOrientationPortrait UIInterfaceOrientationPortraitUpsideDown UIInterfaceOrientationLandscapeLeft UIInterfaceOrientationLandscapeRight";
				INFOPLIST_KEY_UISupportedInterfaceOrientations_iPhone = "UIInterfaceOrientationPortrait UIInterfaceOrientationLandscapeLeft UIInterfaceOrientationLandscapeRight";
				LD_RUNPATH_SEARCH_PATHS = (
					"$(inherited)",
					"@executable_path/Frameworks",
				);
				MARKETING_VERSION = 1.0;
				PRODUCT_BUNDLE_IDENTIFIER = "MikhailovskyiYevhenii.Task-7";
				PRODUCT_NAME = "$(TARGET_NAME)";
				SWIFT_EMIT_LOC_STRINGS = YES;
				SWIFT_VERSION = 5.0;
				TARGETED_DEVICE_FAMILY = "1,2";
			};
			name = Release;
		};
/* End XCBuildConfiguration section */

/* Begin XCConfigurationList section */
		BED2DB71290AD70A00CB16B9 /* Build configuration list for PBXProject "Task_7" */ = {
			isa = XCConfigurationList;
			buildConfigurations = (
				BED2DB88290AD70B00CB16B9 /* Debug */,
				BED2DB89290AD70B00CB16B9 /* Release */,
			);
			defaultConfigurationIsVisible = 0;
			defaultConfigurationName = Release;
		};
		BED2DB8A290AD70B00CB16B9 /* Build configuration list for PBXNativeTarget "Task_7" */ = {
			isa = XCConfigurationList;
			buildConfigurations = (
				BED2DB8B290AD70B00CB16B9 /* Debug */,
				BED2DB8C290AD70B00CB16B9 /* Release */,
			);
			defaultConfigurationIsVisible = 0;
			defaultConfigurationName = Release;
		};
/* End XCConfigurationList section */
	};
	rootObject = BED2DB6E290AD70A00CB16B9 /* Project object */;
}
